
Microsoft Visual Studio Solution File, Format Version 12.00
# Visual Studio Version 17
VisualStudioVersion = 17.0.31903.59
MinimumVisualStudioVersion = 10.0.40219.1
Project("{FAE04EC0-301F-11D3-BF4B-00C04F79EFBC}") = "MyCV.Domain", "src/MyCV.Domain/MyCV.Domain.csproj", "{BFAF0D85-DB7E-4618-B677-A1FB74FD01BE}"
EndProject
Project("{FAE04EC0-301F-11D3-BF4B-00C04F79EFBC}") = "MyCV.Infrastructure", "src/MyCV.Infrastructure/MyCV.Infrastructure.csproj", "{0BE08E94-8A4B-4364-8579-7CC5C99C1CAD}"
EndProject
Project("{FAE04EC0-301F-11D3-BF4B-00C04F79EFBC}") = "MyCV.Application", "src/MyCV.Application/MyCV.Application.csproj", "{F387EE24-4085-4F46-8CBC-CDA7796C74BB}"
EndProject
Project("{2150E333-8FDC-42A3-9474-1A3956D46DE8}") = "src", "src", "{3E5ADF57-02A7-4F29-98C3-A9BC1889F0B0}"
EndProject
Project("{2150E333-8FDC-42A3-9474-1A3956D46DE8}") = "Domain", "Domain", "{8FF720F6-8CA5-48DF-BEE0-545A50DB05B1}"
EndProject
Project("{2150E333-8FDC-42A3-9474-1A3956D46DE8}") = "Application", "Application", "{25088949-3906-4E97-B10A-DCC7A96F24AB}"
EndProject
Project("{2150E333-8FDC-42A3-9474-1A3956D46DE8}") = "Infrastructure", "Infrastructure", "{F1D15BA1-1E82-4E77-999F-27732A7EF855}"
EndProject
Project("{2150E333-8FDC-42A3-9474-1A3956D46DE8}") = "Presentation", "Presentation", "{CFBC2F28-F04E-4AA9-B993-9751B32D1504}"
EndProject
Project("{FAE04EC0-301F-11D3-BF4B-00C04F79EFBC}") = "MyCV.API", "src/MyCV.API/MyCV.API.csproj", "{7C5C03F2-5F32-4FC3-84D1-A9492CDF3876}"
EndProject
Project("{2150E333-8FDC-42A3-9474-1A3956D46DE8}") = "test", "test", "{1C7BCC03-A7F0-4B24-851B-C68F21968283}"
EndProject
Project("{2150E333-8FDC-42A3-9474-1A3956D46DE8}") = "UnitTest", "UnitTest", "{92C699EF-0D9B-48D5-86A5-D64E57941579}"
EndProject
Project("{FAE04EC0-301F-11D3-BF4B-00C04F79EFBC}") = "MyCV.Experiences.UnitTest", "test/UnitTest/MyCV.Experiences.UnitTest/MyCV.Experiences.UnitTest.csproj", "{A9D019D9-F37B-49F1-83CC-65B1A032452E}"
EndProject
Global
	GlobalSection(SolutionConfigurationPlatforms) = preSolution
		Debug|Any CPU = Debug|Any CPU
		Release|Any CPU = Release|Any CPU
	EndGlobalSection
	GlobalSection(SolutionProperties) = preSolution
		HideSolutionNode = FALSE
	EndGlobalSection
	GlobalSection(ProjectConfigurationPlatforms) = postSolution
		{BFAF0D85-DB7E-4618-B677-A1FB74FD01BE}.Debug|Any CPU.ActiveCfg = Debug|Any CPU
		{BFAF0D85-DB7E-4618-B677-A1FB74FD01BE}.Debug|Any CPU.Build.0 = Debug|Any CPU
		{BFAF0D85-DB7E-4618-B677-A1FB74FD01BE}.Release|Any CPU.ActiveCfg = Release|Any CPU
		{BFAF0D85-DB7E-4618-B677-A1FB74FD01BE}.Release|Any CPU.Build.0 = Release|Any CPU
		{0BE08E94-8A4B-4364-8579-7CC5C99C1CAD}.Debug|Any CPU.ActiveCfg = Debug|Any CPU
		{0BE08E94-8A4B-4364-8579-7CC5C99C1CAD}.Debug|Any CPU.Build.0 = Debug|Any CPU
		{0BE08E94-8A4B-4364-8579-7CC5C99C1CAD}.Release|Any CPU.ActiveCfg = Release|Any CPU
		{0BE08E94-8A4B-4364-8579-7CC5C99C1CAD}.Release|Any CPU.Build.0 = Release|Any CPU
		{F387EE24-4085-4F46-8CBC-CDA7796C74BB}.Debug|Any CPU.ActiveCfg = Debug|Any CPU
		{F387EE24-4085-4F46-8CBC-CDA7796C74BB}.Debug|Any CPU.Build.0 = Debug|Any CPU
		{F387EE24-4085-4F46-8CBC-CDA7796C74BB}.Release|Any CPU.ActiveCfg = Release|Any CPU
		{F387EE24-4085-4F46-8CBC-CDA7796C74BB}.Release|Any CPU.Build.0 = Release|Any CPU
		{7C5C03F2-5F32-4FC3-84D1-A9492CDF3876}.Debug|Any CPU.ActiveCfg = Debug|Any CPU
		{7C5C03F2-5F32-4FC3-84D1-A9492CDF3876}.Debug|Any CPU.Build.0 = Debug|Any CPU
		{7C5C03F2-5F32-4FC3-84D1-A9492CDF3876}.Release|Any CPU.ActiveCfg = Release|Any CPU
		{7C5C03F2-5F32-4FC3-84D1-A9492CDF3876}.Release|Any CPU.Build.0 = Release|Any CPU
		{A9D019D9-F37B-49F1-83CC-65B1A032452E}.Debug|Any CPU.ActiveCfg = Debug|Any CPU
		{A9D019D9-F37B-49F1-83CC-65B1A032452E}.Debug|Any CPU.Build.0 = Debug|Any CPU
		{A9D019D9-F37B-49F1-83CC-65B1A032452E}.Release|Any CPU.ActiveCfg = Release|Any CPU
		{A9D019D9-F37B-49F1-83CC-65B1A032452E}.Release|Any CPU.Build.0 = Release|Any CPU
	EndGlobalSection
	GlobalSection(NestedProjects) = preSolution
		{7C5C03F2-5F32-4FC3-84D1-A9492CDF3876} = {CFBC2F28-F04E-4AA9-B993-9751B32D1504}
		{CFBC2F28-F04E-4AA9-B993-9751B32D1504} = {3E5ADF57-02A7-4F29-98C3-A9BC1889F0B0}
		{F1D15BA1-1E82-4E77-999F-27732A7EF855} = {3E5ADF57-02A7-4F29-98C3-A9BC1889F0B0}
		{25088949-3906-4E97-B10A-DCC7A96F24AB} = {3E5ADF57-02A7-4F29-98C3-A9BC1889F0B0}
		{8FF720F6-8CA5-48DF-BEE0-545A50DB05B1} = {3E5ADF57-02A7-4F29-98C3-A9BC1889F0B0}
		{0BE08E94-8A4B-4364-8579-7CC5C99C1CAD} = {F1D15BA1-1E82-4E77-999F-27732A7EF855}
		{BFAF0D85-DB7E-4618-B677-A1FB74FD01BE} = {8FF720F6-8CA5-48DF-BEE0-545A50DB05B1}
		{F387EE24-4085-4F46-8CBC-CDA7796C74BB} = {25088949-3906-4E97-B10A-DCC7A96F24AB}
		{92C699EF-0D9B-48D5-86A5-D64E57941579} = {1C7BCC03-A7F0-4B24-851B-C68F21968283}
		{A9D019D9-F37B-49F1-83CC-65B1A032452E} = {92C699EF-0D9B-48D5-86A5-D64E57941579}
	EndGlobalSection
EndGlobal
